
Microsoft Visual Studio Solution File, Format Version 12.00
# Visual Studio Version 17
VisualStudioVersion = 17.3.32901.215
MinimumVisualStudioVersion = 10.0.40219.1
Project("{FAE04EC0-301F-11D3-BF4B-00C04F79EFBC}") = "JSON dz", "JSON dz.csproj", "{789BF13A-EB9C-4B3C-9643-7F1C9E53A5AA}"
EndProject
Global
	GlobalSection(SolutionConfigurationPlatforms) = preSolution
		Debug|Any CPU = Debug|Any CPU
		Release|Any CPU = Release|Any CPU
	EndGlobalSection
	GlobalSection(ProjectConfigurationPlatforms) = postSolution
		{789BF13A-EB9C-4B3C-9643-7F1C9E53A5AA}.Debug|Any CPU.ActiveCfg = Debug|Any CPU
		{789BF13A-EB9C-4B3C-9643-7F1C9E53A5AA}.Debug|Any CPU.Build.0 = Debug|Any CPU
		{789BF13A-EB9C-4B3C-9643-7F1C9E53A5AA}.Release|Any CPU.ActiveCfg = Release|Any CPU
		{789BF13A-EB9C-4B3C-9643-7F1C9E53A5AA}.Release|Any CPU.Build.0 = Release|Any CPU
	EndGlobalSection
	GlobalSection(SolutionProperties) = preSolution
		HideSolutionNode = FALSE
	EndGlobalSection
	GlobalSection(ExtensibilityGlobals) = postSolution
		SolutionGuid = {0E6C6CC0-0021-4671-B99F-01A668FD65FB}
	EndGlobalSection
EndGlobal
